
Microsoft Visual Studio Solution File, Format Version 12.00
# Visual Studio Version 17
VisualStudioVersion = 17.10.34928.147
MinimumVisualStudioVersion = 10.0.40219.1
Project("{FAE04EC0-301F-11D3-BF4B-00C04F79EFBC}") = "Calculator", "Calculator\Calculator.csproj", "{9F73F813-5DB9-4F7C-A7E3-46FF6F6673DF}"
EndProject
Global
	GlobalSection(SolutionConfigurationPlatforms) = preSolution
		Debug|Any CPU = Debug|Any CPU
		Release|Any CPU = Release|Any CPU
	EndGlobalSection
	GlobalSection(ProjectConfigurationPlatforms) = postSolution
		{9F73F813-5DB9-4F7C-A7E3-46FF6F6673DF}.Debug|Any CPU.ActiveCfg = Debug|Any CPU
		{9F73F813-5DB9-4F7C-A7E3-46FF6F6673DF}.Debug|Any CPU.Build.0 = Debug|Any CPU
		{9F73F813-5DB9-4F7C-A7E3-46FF6F6673DF}.Release|Any CPU.ActiveCfg = Release|Any CPU
		{9F73F813-5DB9-4F7C-A7E3-46FF6F6673DF}.Release|Any CPU.Build.0 = Release|Any CPU
	EndGlobalSection
	GlobalSection(SolutionProperties) = preSolution
		HideSolutionNode = FALSE
	EndGlobalSection
	GlobalSection(ExtensibilityGlobals) = postSolution
		SolutionGuid = {CBD07ACE-5C88-438F-9F5F-C293CFFB69E2}
	EndGlobalSection
EndGlobal
